// !$*UTF8*$!
{
	archiveVersion = 1;
	classes = {
	};
	objectVersion = 56;
	objects = {

/* Begin PBXBuildFile section */
		50D78645B49384557B9363BC /* Pods_masterMind.framework in Frameworks */ = {isa = PBXBuildFile; fileRef = 8547D5C6D9D985D53C48D37C /* Pods_masterMind.framework */; };
		F3216D9A29D221670041DF71 /* AppDelegate.swift in Sources */ = {isa = PBXBuildFile; fileRef = F3216D9929D221670041DF71 /* AppDelegate.swift */; };
		F3216D9C29D221670041DF71 /* SceneDelegate.swift in Sources */ = {isa = PBXBuildFile; fileRef = F3216D9B29D221670041DF71 /* SceneDelegate.swift */; };
		F3216D9E29D221670041DF71 /* ViewController.swift in Sources */ = {isa = PBXBuildFile; fileRef = F3216D9D29D221670041DF71 /* ViewController.swift */; };
		F3216DA129D221670041DF71 /* Main.storyboard in Resources */ = {isa = PBXBuildFile; fileRef = F3216D9F29D221670041DF71 /* Main.storyboard */; };
		F3216DA429D221670041DF71 /* masterMind.xcdatamodeld in Sources */ = {isa = PBXBuildFile; fileRef = F3216DA229D221670041DF71 /* masterMind.xcdatamodeld */; };
		F3216DA629D221680041DF71 /* Assets.xcassets in Resources */ = {isa = PBXBuildFile; fileRef = F3216DA529D221680041DF71 /* Assets.xcassets */; };
		F3216DA929D221680041DF71 /* LaunchScreen.storyboard in Resources */ = {isa = PBXBuildFile; fileRef = F3216DA729D221680041DF71 /* LaunchScreen.storyboard */; };
		F3216DB129D31EDE0041DF71 /* GameViewController.swift in Sources */ = {isa = PBXBuildFile; fileRef = F3216DB029D31EDE0041DF71 /* GameViewController.swift */; };
		F3216DB729D352260041DF71 /* CodeManager.swift in Sources */ = {isa = PBXBuildFile; fileRef = F3216DB629D352260041DF71 /* CodeManager.swift */; };
		F3216DBB29D3544E0041DF71 /* CodeModel.swift in Sources */ = {isa = PBXBuildFile; fileRef = F3216DBA29D3544E0041DF71 /* CodeModel.swift */; };
		F3216DC029D62C200041DF71 /* GameLogic.swift in Sources */ = {isa = PBXBuildFile; fileRef = F3216DBF29D62C200041DF71 /* GameLogic.swift */; };
		F3216DC229D72A340041DF71 /* InputHistoryModel.swift in Sources */ = {isa = PBXBuildFile; fileRef = F3216DC129D72A340041DF71 /* InputHistoryModel.swift */; };
		F399689A29DC931600FA4DA7 /* AlertPopUpLayer.xib in Resources */ = {isa = PBXBuildFile; fileRef = F399689829DC931600FA4DA7 /* AlertPopUpLayer.xib */; };
		F399689B29DCB46000FA4DA7 /* AlertPopUpLayer.swift in Sources */ = {isa = PBXBuildFile; fileRef = F399689729DC931600FA4DA7 /* AlertPopUpLayer.swift */; };
		F399689D29E031D400FA4DA7 /* GameSettings.swift in Sources */ = {isa = PBXBuildFile; fileRef = F399689C29E031D400FA4DA7 /* GameSettings.swift */; };
		F3F4215129DB627F0000C8E3 /* HistoryTableViewCell1.swift in Sources */ = {isa = PBXBuildFile; fileRef = F3F4214F29DB627F0000C8E3 /* HistoryTableViewCell1.swift */; };
		F3F4215229DB627F0000C8E3 /* HistoryTableViewCell1.xib in Resources */ = {isa = PBXBuildFile; fileRef = F3F4215029DB627F0000C8E3 /* HistoryTableViewCell1.xib */; };
/* End PBXBuildFile section */

/* Begin PBXFileReference section */
		281A18AA442CBB7943E5C473 /* Pods-masterMind.debug.xcconfig */ = {isa = PBXFileReference; includeInIndex = 1; lastKnownFileType = text.xcconfig; name = "Pods-masterMind.debug.xcconfig"; path = "Target Support Files/Pods-masterMind/Pods-masterMind.debug.xcconfig"; sourceTree = "<group>"; };
		8547D5C6D9D985D53C48D37C /* Pods_masterMind.framework */ = {isa = PBXFileReference; explicitFileType = wrapper.framework; includeInIndex = 0; path = Pods_masterMind.framework; sourceTree = BUILT_PRODUCTS_DIR; };
		AD4F1D37ACCB7C00E68C4CDD /* Pods-masterMind.release.xcconfig */ = {isa = PBXFileReference; includeInIndex = 1; lastKnownFileType = text.xcconfig; name = "Pods-masterMind.release.xcconfig"; path = "Target Support Files/Pods-masterMind/Pods-masterMind.release.xcconfig"; sourceTree = "<group>"; };
		F3216D9629D221670041DF71 /* masterMind.app */ = {isa = PBXFileReference; explicitFileType = wrapper.application; includeInIndex = 0; path = masterMind.app; sourceTree = BUILT_PRODUCTS_DIR; };
		F3216D9929D221670041DF71 /* AppDelegate.swift */ = {isa = PBXFileReference; lastKnownFileType = sourcecode.swift; path = AppDelegate.swift; sourceTree = "<group>"; };
		F3216D9B29D221670041DF71 /* SceneDelegate.swift */ = {isa = PBXFileReference; lastKnownFileType = sourcecode.swift; path = SceneDelegate.swift; sourceTree = "<group>"; };
		F3216D9D29D221670041DF71 /* ViewController.swift */ = {isa = PBXFileReference; lastKnownFileType = sourcecode.swift; path = ViewController.swift; sourceTree = "<group>"; };
		F3216DA029D221670041DF71 /* Base */ = {isa = PBXFileReference; lastKnownFileType = file.storyboard; name = Base; path = Base.lproj/Main.storyboard; sourceTree = "<group>"; };
		F3216DA329D221670041DF71 /* masterMind.xcdatamodel */ = {isa = PBXFileReference; lastKnownFileType = wrapper.xcdatamodel; path = masterMind.xcdatamodel; sourceTree = "<group>"; };
		F3216DA529D221680041DF71 /* Assets.xcassets */ = {isa = PBXFileReference; lastKnownFileType = folder.assetcatalog; path = Assets.xcassets; sourceTree = "<group>"; };
		F3216DA829D221680041DF71 /* Base */ = {isa = PBXFileReference; lastKnownFileType = file.storyboard; name = Base; path = Base.lproj/LaunchScreen.storyboard; sourceTree = "<group>"; };
		F3216DAA29D221680041DF71 /* Info.plist */ = {isa = PBXFileReference; lastKnownFileType = text.plist.xml; path = Info.plist; sourceTree = "<group>"; };
		F3216DB029D31EDE0041DF71 /* GameViewController.swift */ = {isa = PBXFileReference; lastKnownFileType = sourcecode.swift; path = GameViewController.swift; sourceTree = "<group>"; };
		F3216DB629D352260041DF71 /* CodeManager.swift */ = {isa = PBXFileReference; lastKnownFileType = sourcecode.swift; path = CodeManager.swift; sourceTree = "<group>"; };
		F3216DBA29D3544E0041DF71 /* CodeModel.swift */ = {isa = PBXFileReference; lastKnownFileType = sourcecode.swift; path = CodeModel.swift; sourceTree = "<group>"; };
		F3216DBF29D62C200041DF71 /* GameLogic.swift */ = {isa = PBXFileReference; lastKnownFileType = sourcecode.swift; path = GameLogic.swift; sourceTree = "<group>"; };
		F3216DC129D72A340041DF71 /* InputHistoryModel.swift */ = {isa = PBXFileReference; lastKnownFileType = sourcecode.swift; path = InputHistoryModel.swift; sourceTree = "<group>"; };
		F399689729DC931600FA4DA7 /* AlertPopUpLayer.swift */ = {isa = PBXFileReference; lastKnownFileType = sourcecode.swift; path = AlertPopUpLayer.swift; sourceTree = "<group>"; };
		F399689829DC931600FA4DA7 /* AlertPopUpLayer.xib */ = {isa = PBXFileReference; lastKnownFileType = file.xib; path = AlertPopUpLayer.xib; sourceTree = "<group>"; };
		F399689C29E031D400FA4DA7 /* GameSettings.swift */ = {isa = PBXFileReference; lastKnownFileType = sourcecode.swift; path = GameSettings.swift; sourceTree = "<group>"; };
		F3F4214F29DB627F0000C8E3 /* HistoryTableViewCell1.swift */ = {isa = PBXFileReference; lastKnownFileType = sourcecode.swift; path = HistoryTableViewCell1.swift; sourceTree = "<group>"; };
		F3F4215029DB627F0000C8E3 /* HistoryTableViewCell1.xib */ = {isa = PBXFileReference; lastKnownFileType = file.xib; path = HistoryTableViewCell1.xib; sourceTree = "<group>"; };
/* End PBXFileReference section */

/* Begin PBXFrameworksBuildPhase section */
		F3216D9329D221670041DF71 /* Frameworks */ = {
			isa = PBXFrameworksBuildPhase;
			buildActionMask = 2147483647;
			files = (
				50D78645B49384557B9363BC /* Pods_masterMind.framework in Frameworks */,
			);
			runOnlyForDeploymentPostprocessing = 0;
		};
/* End PBXFrameworksBuildPhase section */

/* Begin PBXGroup section */
		B0AB2DD50551C79BC6681C3A /* Frameworks */ = {
			isa = PBXGroup;
			children = (
				8547D5C6D9D985D53C48D37C /* Pods_masterMind.framework */,
			);
			name = Frameworks;
			sourceTree = "<group>";
		};
		D2416655441315BCED8B877D /* Pods */ = {
			isa = PBXGroup;
			children = (
				281A18AA442CBB7943E5C473 /* Pods-masterMind.debug.xcconfig */,
				AD4F1D37ACCB7C00E68C4CDD /* Pods-masterMind.release.xcconfig */,
			);
			path = Pods;
			sourceTree = "<group>";
		};
		F3216D8D29D221660041DF71 = {
			isa = PBXGroup;
			children = (
				F3216D9829D221670041DF71 /* masterMind */,
				F3216D9729D221670041DF71 /* Products */,
				D2416655441315BCED8B877D /* Pods */,
				B0AB2DD50551C79BC6681C3A /* Frameworks */,
			);
			sourceTree = "<group>";
		};
		F3216D9729D221670041DF71 /* Products */ = {
			isa = PBXGroup;
			children = (
				F3216D9629D221670041DF71 /* masterMind.app */,
			);
			name = Products;
			sourceTree = "<group>";
		};
		F3216D9829D221670041DF71 /* masterMind */ = {
			isa = PBXGroup;
			children = (
				F3216D9929D221670041DF71 /* AppDelegate.swift */,
				F3216DBC29D354640041DF71 /* Model */,
				F3216DBE29D36EED0041DF71 /* Controllers */,
				F3216DBD29D36ED40041DF71 /* View */,
				F3216D9B29D221670041DF71 /* SceneDelegate.swift */,
				F399689629DC92DA00FA4DA7 /* AlertPopUp */,
				F3216DA529D221680041DF71 /* Assets.xcassets */,
				F3216DA729D221680041DF71 /* LaunchScreen.storyboard */,
				F3216DAA29D221680041DF71 /* Info.plist */,
				F3216DA229D221670041DF71 /* masterMind.xcdatamodeld */,
			);
			path = masterMind;
			sourceTree = "<group>";
		};
		F3216DBC29D354640041DF71 /* Model */ = {
			isa = PBXGroup;
			children = (
				F3216DB629D352260041DF71 /* CodeManager.swift */,
				F3216DBA29D3544E0041DF71 /* CodeModel.swift */,
				F3216DBF29D62C200041DF71 /* GameLogic.swift */,
				F3216DC129D72A340041DF71 /* InputHistoryModel.swift */,
				F399689C29E031D400FA4DA7 /* GameSettings.swift */,
			);
			path = Model;
			sourceTree = "<group>";
		};
		F3216DBD29D36ED40041DF71 /* View */ = {
			isa = PBXGroup;
			children = (
				F3216D9F29D221670041DF71 /* Main.storyboard */,
				F3F4214F29DB627F0000C8E3 /* HistoryTableViewCell1.swift */,
				F3F4215029DB627F0000C8E3 /* HistoryTableViewCell1.xib */,
			);
			path = View;
			sourceTree = "<group>";
		};
		F3216DBE29D36EED0041DF71 /* Controllers */ = {
			isa = PBXGroup;
			children = (
				F3216DB029D31EDE0041DF71 /* GameViewController.swift */,
				F3216D9D29D221670041DF71 /* ViewController.swift */,
			);
			path = Controllers;
			sourceTree = "<group>";
		};
		F399689629DC92DA00FA4DA7 /* AlertPopUp */ = {
			isa = PBXGroup;
			children = (
				F399689729DC931600FA4DA7 /* AlertPopUpLayer.swift */,
				F399689829DC931600FA4DA7 /* AlertPopUpLayer.xib */,
			);
			path = AlertPopUp;
			sourceTree = "<group>";
		};
/* End PBXGroup section */

/* Begin PBXNativeTarget section */
		F3216D9529D221670041DF71 /* masterMind */ = {
			isa = PBXNativeTarget;
			buildConfigurationList = F3216DAD29D221680041DF71 /* Build configuration list for PBXNativeTarget "masterMind" */;
			buildPhases = (
				E2D5445FBB0508974D94F240 /* [CP] Check Pods Manifest.lock */,
				F3216D9229D221670041DF71 /* Sources */,
				F3216D9329D221670041DF71 /* Frameworks */,
				F3216D9429D221670041DF71 /* Resources */,
				4BBCBB0651EDE691B23FC165 /* [CP] Embed Pods Frameworks */,
			);
			buildRules = (
			);
			dependencies = (
			);
			name = masterMind;
			productName = masterMind;
			productReference = F3216D9629D221670041DF71 /* masterMind.app */;
			productType = "com.apple.product-type.application";
		};
/* End PBXNativeTarget section */

/* Begin PBXProject section */
		F3216D8E29D221660041DF71 /* Project object */ = {
			isa = PBXProject;
			attributes = {
				BuildIndependentTargetsInParallel = 1;
				LastSwiftUpdateCheck = 1420;
				LastUpgradeCheck = 1420;
				TargetAttributes = {
					F3216D9529D221670041DF71 = {
						CreatedOnToolsVersion = 14.2;
					};
				};
			};
			buildConfigurationList = F3216D9129D221660041DF71 /* Build configuration list for PBXProject "masterMind" */;
			compatibilityVersion = "Xcode 14.0";
			developmentRegion = en;
			hasScannedForEncodings = 0;
			knownRegions = (
				en,
				Base,
			);
			mainGroup = F3216D8D29D221660041DF71;
			productRefGroup = F3216D9729D221670041DF71 /* Products */;
			projectDirPath = "";
			projectRoot = "";
			targets = (
				F3216D9529D221670041DF71 /* masterMind */,
			);
		};
/* End PBXProject section */

/* Begin PBXResourcesBuildPhase section */
		F3216D9429D221670041DF71 /* Resources */ = {
			isa = PBXResourcesBuildPhase;
			buildActionMask = 2147483647;
			files = (
				F3F4215229DB627F0000C8E3 /* HistoryTableViewCell1.xib in Resources */,
				F3216DA929D221680041DF71 /* LaunchScreen.storyboard in Resources */,
				F3216DA629D221680041DF71 /* Assets.xcassets in Resources */,
				F3216DA129D221670041DF71 /* Main.storyboard in Resources */,
				F399689A29DC931600FA4DA7 /* AlertPopUpLayer.xib in Resources */,
			);
			runOnlyForDeploymentPostprocessing = 0;
		};
/* End PBXResourcesBuildPhase section */

/* Begin PBXShellScriptBuildPhase section */
		4BBCBB0651EDE691B23FC165 /* [CP] Embed Pods Frameworks */ = {
			isa = PBXShellScriptBuildPhase;
			buildActionMask = 2147483647;
			files = (
			);
			inputFileListPaths = (
				"${PODS_ROOT}/Target Support Files/Pods-masterMind/Pods-masterMind-frameworks-${CONFIGURATION}-input-files.xcfilelist",
			);
			name = "[CP] Embed Pods Frameworks";
			outputFileListPaths = (
				"${PODS_ROOT}/Target Support Files/Pods-masterMind/Pods-masterMind-frameworks-${CONFIGURATION}-output-files.xcfilelist",
			);
			runOnlyForDeploymentPostprocessing = 0;
			shellPath = /bin/sh;
			shellScript = "\"${PODS_ROOT}/Target Support Files/Pods-masterMind/Pods-masterMind-frameworks.sh\"\n";
			showEnvVarsInLog = 0;
		};
		E2D5445FBB0508974D94F240 /* [CP] Check Pods Manifest.lock */ = {
			isa = PBXShellScriptBuildPhase;
			buildActionMask = 2147483647;
			files = (
			);
			inputFileListPaths = (
			);
			inputPaths = (
				"${PODS_PODFILE_DIR_PATH}/Podfile.lock",
				"${PODS_ROOT}/Manifest.lock",
			);
			name = "[CP] Check Pods Manifest.lock";
			outputFileListPaths = (
			);
			outputPaths = (
				"$(DERIVED_FILE_DIR)/Pods-masterMind-checkManifestLockResult.txt",
			);
			runOnlyForDeploymentPostprocessing = 0;
			shellPath = /bin/sh;
			shellScript = "diff \"${PODS_PODFILE_DIR_PATH}/Podfile.lock\" \"${PODS_ROOT}/Manifest.lock\" > /dev/null\nif [ $? != 0 ] ; then\n    # print error to STDERR\n    echo \"error: The sandbox is not in sync with the Podfile.lock. Run 'pod install' or update your CocoaPods installation.\" >&2\n    exit 1\nfi\n# This output is used by Xcode 'outputs' to avoid re-running this script phase.\necho \"SUCCESS\" > \"${SCRIPT_OUTPUT_FILE_0}\"\n";
			showEnvVarsInLog = 0;
		};
/* End PBXShellScriptBuildPhase section */

/* Begin PBXSourcesBuildPhase section */
		F3216D9229D221670041DF71 /* Sources */ = {
			isa = PBXSourcesBuildPhase;
			buildActionMask = 2147483647;
			files = (
				F3216DC029D62C200041DF71 /* GameLogic.swift in Sources */,
				F399689B29DCB46000FA4DA7 /* AlertPopUpLayer.swift in Sources */,
				F3F4215129DB627F0000C8E3 /* HistoryTableViewCell1.swift in Sources */,
				F3216DC229D72A340041DF71 /* InputHistoryModel.swift in Sources */,
				F3216DB129D31EDE0041DF71 /* GameViewController.swift in Sources */,
				F3216D9E29D221670041DF71 /* ViewController.swift in Sources */,
				F3216D9A29D221670041DF71 /* AppDelegate.swift in Sources */,
				F3216D9C29D221670041DF71 /* SceneDelegate.swift in Sources */,
				F399689D29E031D400FA4DA7 /* GameSettings.swift in Sources */,
				F3216DB729D352260041DF71 /* CodeManager.swift in Sources */,
				F3216DBB29D3544E0041DF71 /* CodeModel.swift in Sources */,
				F3216DA429D221670041DF71 /* masterMind.xcdatamodeld in Sources */,
			);
			runOnlyForDeploymentPostprocessing = 0;
		};
/* End PBXSourcesBuildPhase section */

/* Begin PBXVariantGroup section */
		F3216D9F29D221670041DF71 /* Main.storyboard */ = {
			isa = PBXVariantGroup;
			children = (
				F3216DA029D221670041DF71 /* Base */,
			);
			name = Main.storyboard;
			sourceTree = "<group>";
		};
		F3216DA729D221680041DF71 /* LaunchScreen.storyboard */ = {
			isa = PBXVariantGroup;
			children = (
				F3216DA829D221680041DF71 /* Base */,
			);
			name = LaunchScreen.storyboard;
			sourceTree = "<group>";
		};
/* End PBXVariantGroup section */

/* Begin XCBuildConfiguration section */
		F3216DAB29D221680041DF71 /* Debug */ = {
			isa = XCBuildConfiguration;
			buildSettings = {
				ALWAYS_SEARCH_USER_PATHS = NO;
				CLANG_ANALYZER_NONNULL = YES;
				CLANG_ANALYZER_NUMBER_OBJECT_CONVERSION = YES_AGGRESSIVE;
				CLANG_CXX_LANGUAGE_STANDARD = "gnu++20";
				CLANG_ENABLE_MODULES = YES;
				CLANG_ENABLE_OBJC_ARC = YES;
				CLANG_ENABLE_OBJC_WEAK = YES;
				CLANG_WARN_BLOCK_CAPTURE_AUTORELEASING = YES;
				CLANG_WARN_BOOL_CONVERSION = YES;
				CLANG_WARN_COMMA = YES;
				CLANG_WARN_CONSTANT_CONVERSION = YES;
				CLANG_WARN_DEPRECATED_OBJC_IMPLEMENTATIONS = YES;
				CLANG_WARN_DIRECT_OBJC_ISA_USAGE = YES_ERROR;
				CLANG_WARN_DOCUMENTATION_COMMENTS = YES;
				CLANG_WARN_EMPTY_BODY = YES;
				CLANG_WARN_ENUM_CONVERSION = YES;
				CLANG_WARN_INFINITE_RECURSION = YES;
				CLANG_WARN_INT_CONVERSION = YES;
				CLANG_WARN_NON_LITERAL_NULL_CONVERSION = YES;
				CLANG_WARN_OBJC_IMPLICIT_RETAIN_SELF = YES;
				CLANG_WARN_OBJC_LITERAL_CONVERSION = YES;
				CLANG_WARN_OBJC_ROOT_CLASS = YES_ERROR;
				CLANG_WARN_QUOTED_INCLUDE_IN_FRAMEWORK_HEADER = YES;
				CLANG_WARN_RANGE_LOOP_ANALYSIS = YES;
				CLANG_WARN_STRICT_PROTOTYPES = YES;
				CLANG_WARN_SUSPICIOUS_MOVE = YES;
				CLANG_WARN_UNGUARDED_AVAILABILITY = YES_AGGRESSIVE;
				CLANG_WARN_UNREACHABLE_CODE = YES;
				CLANG_WARN__DUPLICATE_METHOD_MATCH = YES;
				COPY_PHASE_STRIP = NO;
				DEBUG_INFORMATION_FORMAT = dwarf;
				ENABLE_STRICT_OBJC_MSGSEND = YES;
				ENABLE_TESTABILITY = YES;
				GCC_C_LANGUAGE_STANDARD = gnu11;
				GCC_DYNAMIC_NO_PIC = NO;
				GCC_NO_COMMON_BLOCKS = YES;
				GCC_OPTIMIZATION_LEVEL = 0;
				GCC_PREPROCESSOR_DEFINITIONS = (
					"DEBUG=1",
					"$(inherited)",
				);
				GCC_WARN_64_TO_32_BIT_CONVERSION = YES;
				GCC_WARN_ABOUT_RETURN_TYPE = YES_ERROR;
				GCC_WARN_UNDECLARED_SELECTOR = YES;
				GCC_WARN_UNINITIALIZED_AUTOS = YES_AGGRESSIVE;
				GCC_WARN_UNUSED_FUNCTION = YES;
				GCC_WARN_UNUSED_VARIABLE = YES;
				IPHONEOS_DEPLOYMENT_TARGET = 16.2;
				MTL_ENABLE_DEBUG_INFO = INCLUDE_SOURCE;
				MTL_FAST_MATH = YES;
				ONLY_ACTIVE_ARCH = YES;
				SDKROOT = iphoneos;
				SWIFT_ACTIVE_COMPILATION_CONDITIONS = DEBUG;
				SWIFT_OPTIMIZATION_LEVEL = "-Onone";
			};
			name = Debug;
		};
		F3216DAC29D221680041DF71 /* Release */ = {
			isa = XCBuildConfiguration;
			buildSettings = {
				ALWAYS_SEARCH_USER_PATHS = NO;
				CLANG_ANALYZER_NONNULL = YES;
				CLANG_ANALYZER_NUMBER_OBJECT_CONVERSION = YES_AGGRESSIVE;
				CLANG_CXX_LANGUAGE_STANDARD = "gnu++20";
				CLANG_ENABLE_MODULES = YES;
				CLANG_ENABLE_OBJC_ARC = YES;
				CLANG_ENABLE_OBJC_WEAK = YES;
				CLANG_WARN_BLOCK_CAPTURE_AUTORELEASING = YES;
				CLANG_WARN_BOOL_CONVERSION = YES;
				CLANG_WARN_COMMA = YES;
				CLANG_WARN_CONSTANT_CONVERSION = YES;
				CLANG_WARN_DEPRECATED_OBJC_IMPLEMENTATIONS = YES;
				CLANG_WARN_DIRECT_OBJC_ISA_USAGE = YES_ERROR;
				CLANG_WARN_DOCUMENTATION_COMMENTS = YES;
				CLANG_WARN_EMPTY_BODY = YES;
				CLANG_WARN_ENUM_CONVERSION = YES;
				CLANG_WARN_INFINITE_RECURSION = YES;
				CLANG_WARN_INT_CONVERSION = YES;
				CLANG_WARN_NON_LITERAL_NULL_CONVERSION = YES;
				CLANG_WARN_OBJC_IMPLICIT_RETAIN_SELF = YES;
				CLANG_WARN_OBJC_LITERAL_CONVERSION = YES;
				CLANG_WARN_OBJC_ROOT_CLASS = YES_ERROR;
				CLANG_WARN_QUOTED_INCLUDE_IN_FRAMEWORK_HEADER = YES;
				CLANG_WARN_RANGE_LOOP_ANALYSIS = YES;
				CLANG_WARN_STRICT_PROTOTYPES = YES;
				CLANG_WARN_SUSPICIOUS_MOVE = YES;
				CLANG_WARN_UNGUARDED_AVAILABILITY = YES_AGGRESSIVE;
				CLANG_WARN_UNREACHABLE_CODE = YES;
				CLANG_WARN__DUPLICATE_METHOD_MATCH = YES;
				COPY_PHASE_STRIP = NO;
				DEBUG_INFORMATION_FORMAT = "dwarf-with-dsym";
				ENABLE_NS_ASSERTIONS = NO;
				ENABLE_STRICT_OBJC_MSGSEND = YES;
				GCC_C_LANGUAGE_STANDARD = gnu11;
				GCC_NO_COMMON_BLOCKS = YES;
				GCC_WARN_64_TO_32_BIT_CONVERSION = YES;
				GCC_WARN_ABOUT_RETURN_TYPE = YES_ERROR;
				GCC_WARN_UNDECLARED_SELECTOR = YES;
				GCC_WARN_UNINITIALIZED_AUTOS = YES_AGGRESSIVE;
				GCC_WARN_UNUSED_FUNCTION = YES;
				GCC_WARN_UNUSED_VARIABLE = YES;
				IPHONEOS_DEPLOYMENT_TARGET = 16.2;
				MTL_ENABLE_DEBUG_INFO = NO;
				MTL_FAST_MATH = YES;
				SDKROOT = iphoneos;
				SWIFT_COMPILATION_MODE = wholemodule;
				SWIFT_OPTIMIZATION_LEVEL = "-O";
				VALIDATE_PRODUCT = YES;
			};
			name = Release;
		};
		F3216DAE29D221680041DF71 /* Debug */ = {
			isa = XCBuildConfiguration;
			baseConfigurationReference = 281A18AA442CBB7943E5C473 /* Pods-masterMind.debug.xcconfig */;
			buildSettings = {
				ASSETCATALOG_COMPILER_APPICON_NAME = AppIcon;
				ASSETCATALOG_COMPILER_GLOBAL_ACCENT_COLOR_NAME = AccentColor;
				CODE_SIGN_STYLE = Automatic;
				CURRENT_PROJECT_VERSION = 1;
				DEVELOPMENT_TEAM = V99NF3PFRH;
				GENERATE_INFOPLIST_FILE = YES;
				INFOPLIST_FILE = masterMind/Info.plist;
				INFOPLIST_KEY_UIApplicationSupportsIndirectInputEvents = YES;
				INFOPLIST_KEY_UILaunchStoryboardName = LaunchScreen;
				INFOPLIST_KEY_UIMainStoryboardFile = Main;
				INFOPLIST_KEY_UISupportedInterfaceOrientations_iPad = "UIInterfaceOrientationPortrait UIInterfaceOrientationPortraitUpsideDown UIInterfaceOrientationLandscapeLeft UIInterfaceOrientationLandscapeRight";
				INFOPLIST_KEY_UISupportedInterfaceOrientations_iPhone = "UIInterfaceOrientationPortrait UIInterfaceOrientationLandscapeLeft UIInterfaceOrientationLandscapeRight";
				LD_RUNPATH_SEARCH_PATHS = (
					"$(inherited)",
					"@executable_path/Frameworks",
				);
				MARKETING_VERSION = 1.0;
				PRODUCT_BUNDLE_IDENTIFIER = com.Elena.masterMind;
				PRODUCT_NAME = "$(TARGET_NAME)";
				SWIFT_EMIT_LOC_STRINGS = YES;
				SWIFT_VERSION = 5.0;
				TARGETED_DEVICE_FAMILY = "1,2";
			};
			name = Debug;
		};
		F3216DAF29D221680041DF71 /* Release */ = {
			isa = XCBuildConfiguration;
			baseConfigurationReference = AD4F1D37ACCB7C00E68C4CDD /* Pods-masterMind.release.xcconfig */;
			buildSettings = {
				ASSETCATALOG_COMPILER_APPICON_NAME = AppIcon;
				ASSETCATALOG_COMPILER_GLOBAL_ACCENT_COLOR_NAME = AccentColor;
				CODE_SIGN_STYLE = Automatic;
				CURRENT_PROJECT_VERSION = 1;
				DEVELOPMENT_TEAM = V99NF3PFRH;
				GENERATE_INFOPLIST_FILE = YES;
				INFOPLIST_FILE = masterMind/Info.plist;
				INFOPLIST_KEY_UIApplicationSupportsIndirectInputEvents = YES;
				INFOPLIST_KEY_UILaunchStoryboardName = LaunchScreen;
				INFOPLIST_KEY_UIMainStoryboardFile = Main;
				INFOPLIST_KEY_UISupportedInterfaceOrientations_iPad = "UIInterfaceOrientationPortrait UIInterfaceOrientationPortraitUpsideDown UIInterfaceOrientationLandscapeLeft UIInterfaceOrientationLandscapeRight";
				INFOPLIST_KEY_UISupportedInterfaceOrientations_iPhone = "UIInterfaceOrientationPortrait UIInterfaceOrientationLandscapeLeft UIInterfaceOrientationLandscapeRight";
				LD_RUNPATH_SEARCH_PATHS = (
					"$(inherited)",
					"@executable_path/Frameworks",
				);
				MARKETING_VERSION = 1.0;
				PRODUCT_BUNDLE_IDENTIFIER = com.Elena.masterMind;
				PRODUCT_NAME = "$(TARGET_NAME)";
				SWIFT_EMIT_LOC_STRINGS = YES;
				SWIFT_VERSION = 5.0;
				TARGETED_DEVICE_FAMILY = "1,2";
			};
			name = Release;
		};
/* End XCBuildConfiguration section */

/* Begin XCConfigurationList section */
		F3216D9129D221660041DF71 /* Build configuration list for PBXProject "masterMind" */ = {
			isa = XCConfigurationList;
			buildConfigurations = (
				F3216DAB29D221680041DF71 /* Debug */,
				F3216DAC29D221680041DF71 /* Release */,
			);
			defaultConfigurationIsVisible = 0;
			defaultConfigurationName = Release;
		};
		F3216DAD29D221680041DF71 /* Build configuration list for PBXNativeTarget "masterMind" */ = {
			isa = XCConfigurationList;
			buildConfigurations = (
				F3216DAE29D221680041DF71 /* Debug */,
				F3216DAF29D221680041DF71 /* Release */,
			);
			defaultConfigurationIsVisible = 0;
			defaultConfigurationName = Release;
		};
/* End XCConfigurationList section */

/* Begin XCVersionGroup section */
		F3216DA229D221670041DF71 /* masterMind.xcdatamodeld */ = {
			isa = XCVersionGroup;
			children = (
				F3216DA329D221670041DF71 /* masterMind.xcdatamodel */,
			);
			currentVersion = F3216DA329D221670041DF71 /* masterMind.xcdatamodel */;
			path = masterMind.xcdatamodeld;
			sourceTree = "<group>";
			versionGroupType = wrapper.xcdatamodel;
		};
/* End XCVersionGroup section */
	};
	rootObject = F3216D8E29D221660041DF71 /* Project object */;
}
